
Microsoft Visual Studio Solution File, Format Version 12.00
# Visual Studio 14
VisualStudioVersion = 14.0.23107.0
MinimumVisualStudioVersion = 10.0.40219.1
Project("{FAE04EC0-301F-11D3-BF4B-00C04F79EFBC}") = "Confluence.API", "WebApplication1\Confluence.API.csproj", "{BCBCA0F8-9563-4404-B56A-0D5A8B6ADDB5}"
EndProject
Global
	GlobalSection(SolutionConfigurationPlatforms) = preSolution
		Debug|Any CPU = Debug|Any CPU
		Release|Any CPU = Release|Any CPU
	EndGlobalSection
	GlobalSection(ProjectConfigurationPlatforms) = postSolution
		{BCBCA0F8-9563-4404-B56A-0D5A8B6ADDB5}.Debug|Any CPU.ActiveCfg = Debug|Any CPU
		{BCBCA0F8-9563-4404-B56A-0D5A8B6ADDB5}.Debug|Any CPU.Build.0 = Debug|Any CPU
		{BCBCA0F8-9563-4404-B56A-0D5A8B6ADDB5}.Release|Any CPU.ActiveCfg = Release|Any CPU
		{BCBCA0F8-9563-4404-B56A-0D5A8B6ADDB5}.Release|Any CPU.Build.0 = Release|Any CPU
	EndGlobalSection
	GlobalSection(SolutionProperties) = preSolution
		HideSolutionNode = FALSE
	EndGlobalSection
EndGlobal
